# This file is automatically @generated by Cargo.
# It is not intended for manual editing.
[[package]]
name = "sspss"
version = "0.1.0"
dependencies = [
 "zeroize 1.0.0 (registry+https://github.com/rust-lang/crates.io-index)",
]

[[package]]
name = "zeroize"
version = "1.0.0"
source = "registry+https://github.com/rust-lang/crates.io-index"

[metadata]
"checksum zeroize 1.0.0 (registry+https://github.com/rust-lang/crates.io-index)" = "cdc979d9b5ead18184c357c4d8a3f81b579aae264e32507223032e64715462d3"
